
Microsoft Visual Studio Solution File, Format Version 12.00
# Visual Studio Version 16
VisualStudioVersion = 16.0.30516.212
MinimumVisualStudioVersion = 10.0.40219.1
Project("{FAE04EC0-301F-11D3-BF4B-00C04F79EFBC}") = "AuditSourcesSample", "AuditSourcesSample.csproj", "{AFD84920-44AE-4916-8D59-DCB042AD421F}"
EndProject
Global
	GlobalSection(SolutionConfigurationPlatforms) = preSolution
		Debug|Any CPU = Debug|Any CPU
		Release|Any CPU = Release|Any CPU
	EndGlobalSection
	GlobalSection(ProjectConfigurationPlatforms) = postSolution
		{AFD84920-44AE-4916-8D59-DCB042AD421F}.Debug|Any CPU.ActiveCfg = Debug|Any CPU
		{AFD84920-44AE-4916-8D59-DCB042AD421F}.Debug|Any CPU.Build.0 = Debug|Any CPU
		{AFD84920-44AE-4916-8D59-DCB042AD421F}.Release|Any CPU.ActiveCfg = Release|Any CPU
		{AFD84920-44AE-4916-8D59-DCB042AD421F}.Release|Any CPU.Build.0 = Release|Any CPU
	EndGlobalSection
	GlobalSection(SolutionProperties) = preSolution
		HideSolutionNode = FALSE
	EndGlobalSection
	GlobalSection(ExtensibilityGlobals) = postSolution
		SolutionGuid = {018AEC1C-04E1-4331-976A-EEE2CC340D19}
	EndGlobalSection
EndGlobal
